
Microsoft Visual Studio Solution File, Format Version 12.00
# Visual Studio Version 17
VisualStudioVersion = 17.13.35825.156 d17.13
MinimumVisualStudioVersion = 10.0.40219.1
Project("{FAE04EC0-301F-11D3-BF4B-00C04F79EFBC}") = "HospitalSystemTask-OOP", "HospitalSystemTask-OOP.csproj", "{B3CE1519-380D-41B7-9647-B3AE3099E854}"
EndProject
Global
	GlobalSection(SolutionConfigurationPlatforms) = preSolution
		Debug|Any CPU = Debug|Any CPU
		Release|Any CPU = Release|Any CPU
	EndGlobalSection
	GlobalSection(ProjectConfigurationPlatforms) = postSolution
		{B3CE1519-380D-41B7-9647-B3AE3099E854}.Debug|Any CPU.ActiveCfg = Debug|Any CPU
		{B3CE1519-380D-41B7-9647-B3AE3099E854}.Debug|Any CPU.Build.0 = Debug|Any CPU
		{B3CE1519-380D-41B7-9647-B3AE3099E854}.Release|Any CPU.ActiveCfg = Release|Any CPU
		{B3CE1519-380D-41B7-9647-B3AE3099E854}.Release|Any CPU.Build.0 = Release|Any CPU
	EndGlobalSection
	GlobalSection(SolutionProperties) = preSolution
		HideSolutionNode = FALSE
	EndGlobalSection
	GlobalSection(ExtensibilityGlobals) = postSolution
		SolutionGuid = {390EA03E-56EE-41F7-B410-DAB07B04A835}
	EndGlobalSection
EndGlobal
